
Microsoft Visual Studio Solution File, Format Version 12.00
# Visual Studio 15
VisualStudioVersion = 15.0.28307.572
MinimumVisualStudioVersion = 10.0.40219.1
Project("{2150E333-8FDC-42A3-9474-1A3956D46DE8}") = "src", "src", "{4C0D595E-360C-4CCF-B960-7F04D1EE3D8E}"
EndProject
Project("{2150E333-8FDC-42A3-9474-1A3956D46DE8}") = "RssReader.Core", "RssReader.Core", "{5C48B938-A78B-4BEC-92D1-A3D17F0DFDE5}"
EndProject
Project("{2150E333-8FDC-42A3-9474-1A3956D46DE8}") = "RssReader.Models", "RssReader.Models", "{0CE269C1-0C1B-4E6C-8452-3A1D54BF4C41}"
EndProject
Project("{9A19103F-16F7-4668-BE54-9A1E7A4F7556}") = "RssReader.Model.Abstract", "RssReader.Model.Abstract\RssReader.Model.Abstract.csproj", "{DD49790A-E302-4D78-A294-33A0C14BE3A5}"
EndProject
Project("{9A19103F-16F7-4668-BE54-9A1E7A4F7556}") = "RssReader.Models.Implementations", "RssReader.Models.Implementations\RssReader.Models.Implementations.csproj", "{14FAA998-2E30-4215-9E0E-9A2EAFDF75D2}"
EndProject
Project("{2150E333-8FDC-42A3-9474-1A3956D46DE8}") = "PresentationDemos", "PresentationDemos", "{CDFE8EB4-C1ED-490F-A3F2-9A511E786EE8}"
EndProject
Project("{9A19103F-16F7-4668-BE54-9A1E7A4F7556}") = "RssReader.Web", "RssReader.Web\RssReader.Web.csproj", "{3A4EDB8A-27E7-4028-8DA8-A734FE030503}"
EndProject
Project("{2150E333-8FDC-42A3-9474-1A3956D46DE8}") = "RssReader.Wrappers", "RssReader.Wrappers", "{697C434E-52B5-4C13-9584-5345D9905D58}"
EndProject
Project("{2150E333-8FDC-42A3-9474-1A3956D46DE8}") = "WebClientWrapper", "WebClientWrapper", "{AA8ED459-F743-43C7-9C3C-B3AD3F05B40B}"
EndProject
Project("{9A19103F-16F7-4668-BE54-9A1E7A4F7556}") = "RssReader.WebClientWrapper", "RssReader.WebClientWrapper\RssReader.WebClientWrapper.csproj", "{C411CCF0-20BC-4D11-BF82-941EBE165930}"
EndProject
Project("{9A19103F-16F7-4668-BE54-9A1E7A4F7556}") = "RssReader.WebClientWrapper.Abstract", "RssReader.WebClientWrapper.Abstract\RssReader.WebClientWrapper.Abstract.csproj", "{0E0976CB-4FB7-44C1-83E3-3B7C2C3A83D4}"
EndProject
Project("{2150E333-8FDC-42A3-9474-1A3956D46DE8}") = "XDocumentWrapper", "XDocumentWrapper", "{C103A462-D967-4054-8385-5D78FB8F9D6D}"
EndProject
Project("{9A19103F-16F7-4668-BE54-9A1E7A4F7556}") = "RssReader.XDocumentWrapper", "RssReader.XDocumentWrapper\RssReader.XDocumentWrapper.csproj", "{FAE76952-2FB9-4079-99A1-E7CCAAF79449}"
EndProject
Project("{9A19103F-16F7-4668-BE54-9A1E7A4F7556}") = "RssReader.XDocumentWrapper.Abstract", "RssReader.XDocumentWrapper.Abstract\RssReader.XDocumentWrapper.Abstract.csproj", "{BB947CB8-C5E3-4E17-A207-B778880636D6}"
EndProject
Project("{9A19103F-16F7-4668-BE54-9A1E7A4F7556}") = "RssReader.ModelFactory.Implementation", "RssReader.ModelFactory.Implementation\RssReader.ModelFactory.Implementation.csproj", "{B3BFD6DB-5F4D-4DE3-8FBC-CE89CEDBAC87}"
EndProject
Project("{9A19103F-16F7-4668-BE54-9A1E7A4F7556}") = "RssReader.ModelFactory.Abstract", "RssReader.ModelFactory.Abstract\RssReader.ModelFactory.Abstract.csproj", "{9F78511E-DD91-4F47-B9A8-043EBF3783F9}"
EndProject
Project("{9A19103F-16F7-4668-BE54-9A1E7A4F7556}") = "RssReader", "RssReader\RssReader.csproj", "{DEC0FDA0-5786-4AB4-A828-22E5E470E360}"
EndProject
Project("{9A19103F-16F7-4668-BE54-9A1E7A4F7556}") = "RssReader.Abstract", "RssReader.Abstract\RssReader.Abstract.csproj", "{8019BDC4-B6AE-436E-891E-1B0547402084}"
EndProject
Project("{9A19103F-16F7-4668-BE54-9A1E7A4F7556}") = "RssReader.Core.Container", "RssReader.Core.Container\RssReader.Core.Container.csproj", "{5909E8B3-2E0F-4573-9956-8CAF74665CE0}"
EndProject
Project("{2150E333-8FDC-42A3-9474-1A3956D46DE8}") = "Solution Items", "Solution Items", "{05E5F805-2703-4FA0-82D7-D0F07BE5B3B8}"
	ProjectSection(SolutionItems) = preProject
		README.md = README.md
	EndProjectSection
EndProject
Global
	GlobalSection(SolutionConfigurationPlatforms) = preSolution
		Debug|Any CPU = Debug|Any CPU
		Release|Any CPU = Release|Any CPU
	EndGlobalSection
	GlobalSection(ProjectConfigurationPlatforms) = postSolution
		{DD49790A-E302-4D78-A294-33A0C14BE3A5}.Debug|Any CPU.ActiveCfg = Debug|Any CPU
		{DD49790A-E302-4D78-A294-33A0C14BE3A5}.Debug|Any CPU.Build.0 = Debug|Any CPU
		{DD49790A-E302-4D78-A294-33A0C14BE3A5}.Release|Any CPU.ActiveCfg = Release|Any CPU
		{DD49790A-E302-4D78-A294-33A0C14BE3A5}.Release|Any CPU.Build.0 = Release|Any CPU
		{14FAA998-2E30-4215-9E0E-9A2EAFDF75D2}.Debug|Any CPU.ActiveCfg = Debug|Any CPU
		{14FAA998-2E30-4215-9E0E-9A2EAFDF75D2}.Debug|Any CPU.Build.0 = Debug|Any CPU
		{14FAA998-2E30-4215-9E0E-9A2EAFDF75D2}.Release|Any CPU.ActiveCfg = Release|Any CPU
		{14FAA998-2E30-4215-9E0E-9A2EAFDF75D2}.Release|Any CPU.Build.0 = Release|Any CPU
		{3A4EDB8A-27E7-4028-8DA8-A734FE030503}.Debug|Any CPU.ActiveCfg = Debug|Any CPU
		{3A4EDB8A-27E7-4028-8DA8-A734FE030503}.Debug|Any CPU.Build.0 = Debug|Any CPU
		{3A4EDB8A-27E7-4028-8DA8-A734FE030503}.Release|Any CPU.ActiveCfg = Release|Any CPU
		{3A4EDB8A-27E7-4028-8DA8-A734FE030503}.Release|Any CPU.Build.0 = Release|Any CPU
		{C411CCF0-20BC-4D11-BF82-941EBE165930}.Debug|Any CPU.ActiveCfg = Debug|Any CPU
		{C411CCF0-20BC-4D11-BF82-941EBE165930}.Debug|Any CPU.Build.0 = Debug|Any CPU
		{C411CCF0-20BC-4D11-BF82-941EBE165930}.Release|Any CPU.ActiveCfg = Release|Any CPU
		{C411CCF0-20BC-4D11-BF82-941EBE165930}.Release|Any CPU.Build.0 = Release|Any CPU
		{0E0976CB-4FB7-44C1-83E3-3B7C2C3A83D4}.Debug|Any CPU.ActiveCfg = Debug|Any CPU
		{0E0976CB-4FB7-44C1-83E3-3B7C2C3A83D4}.Debug|Any CPU.Build.0 = Debug|Any CPU
		{0E0976CB-4FB7-44C1-83E3-3B7C2C3A83D4}.Release|Any CPU.ActiveCfg = Release|Any CPU
		{0E0976CB-4FB7-44C1-83E3-3B7C2C3A83D4}.Release|Any CPU.Build.0 = Release|Any CPU
		{FAE76952-2FB9-4079-99A1-E7CCAAF79449}.Debug|Any CPU.ActiveCfg = Debug|Any CPU
		{FAE76952-2FB9-4079-99A1-E7CCAAF79449}.Debug|Any CPU.Build.0 = Debug|Any CPU
		{FAE76952-2FB9-4079-99A1-E7CCAAF79449}.Release|Any CPU.ActiveCfg = Release|Any CPU
		{FAE76952-2FB9-4079-99A1-E7CCAAF79449}.Release|Any CPU.Build.0 = Release|Any CPU
		{BB947CB8-C5E3-4E17-A207-B778880636D6}.Debug|Any CPU.ActiveCfg = Debug|Any CPU
		{BB947CB8-C5E3-4E17-A207-B778880636D6}.Debug|Any CPU.Build.0 = Debug|Any CPU
		{BB947CB8-C5E3-4E17-A207-B778880636D6}.Release|Any CPU.ActiveCfg = Release|Any CPU
		{BB947CB8-C5E3-4E17-A207-B778880636D6}.Release|Any CPU.Build.0 = Release|Any CPU
		{B3BFD6DB-5F4D-4DE3-8FBC-CE89CEDBAC87}.Debug|Any CPU.ActiveCfg = Debug|Any CPU
		{B3BFD6DB-5F4D-4DE3-8FBC-CE89CEDBAC87}.Debug|Any CPU.Build.0 = Debug|Any CPU
		{B3BFD6DB-5F4D-4DE3-8FBC-CE89CEDBAC87}.Release|Any CPU.ActiveCfg = Release|Any CPU
		{B3BFD6DB-5F4D-4DE3-8FBC-CE89CEDBAC87}.Release|Any CPU.Build.0 = Release|Any CPU
		{9F78511E-DD91-4F47-B9A8-043EBF3783F9}.Debug|Any CPU.ActiveCfg = Debug|Any CPU
		{9F78511E-DD91-4F47-B9A8-043EBF3783F9}.Debug|Any CPU.Build.0 = Debug|Any CPU
		{9F78511E-DD91-4F47-B9A8-043EBF3783F9}.Release|Any CPU.ActiveCfg = Release|Any CPU
		{9F78511E-DD91-4F47-B9A8-043EBF3783F9}.Release|Any CPU.Build.0 = Release|Any CPU
		{DEC0FDA0-5786-4AB4-A828-22E5E470E360}.Debug|Any CPU.ActiveCfg = Debug|Any CPU
		{DEC0FDA0-5786-4AB4-A828-22E5E470E360}.Debug|Any CPU.Build.0 = Debug|Any CPU
		{DEC0FDA0-5786-4AB4-A828-22E5E470E360}.Release|Any CPU.ActiveCfg = Release|Any CPU
		{DEC0FDA0-5786-4AB4-A828-22E5E470E360}.Release|Any CPU.Build.0 = Release|Any CPU
		{8019BDC4-B6AE-436E-891E-1B0547402084}.Debug|Any CPU.ActiveCfg = Debug|Any CPU
		{8019BDC4-B6AE-436E-891E-1B0547402084}.Debug|Any CPU.Build.0 = Debug|Any CPU
		{8019BDC4-B6AE-436E-891E-1B0547402084}.Release|Any CPU.ActiveCfg = Release|Any CPU
		{8019BDC4-B6AE-436E-891E-1B0547402084}.Release|Any CPU.Build.0 = Release|Any CPU
		{5909E8B3-2E0F-4573-9956-8CAF74665CE0}.Debug|Any CPU.ActiveCfg = Debug|Any CPU
		{5909E8B3-2E0F-4573-9956-8CAF74665CE0}.Debug|Any CPU.Build.0 = Debug|Any CPU
		{5909E8B3-2E0F-4573-9956-8CAF74665CE0}.Release|Any CPU.ActiveCfg = Release|Any CPU
		{5909E8B3-2E0F-4573-9956-8CAF74665CE0}.Release|Any CPU.Build.0 = Release|Any CPU
	EndGlobalSection
	GlobalSection(SolutionProperties) = preSolution
		HideSolutionNode = FALSE
	EndGlobalSection
	GlobalSection(NestedProjects) = preSolution
		{5C48B938-A78B-4BEC-92D1-A3D17F0DFDE5} = {4C0D595E-360C-4CCF-B960-7F04D1EE3D8E}
		{0CE269C1-0C1B-4E6C-8452-3A1D54BF4C41} = {4C0D595E-360C-4CCF-B960-7F04D1EE3D8E}
		{DD49790A-E302-4D78-A294-33A0C14BE3A5} = {0CE269C1-0C1B-4E6C-8452-3A1D54BF4C41}
		{14FAA998-2E30-4215-9E0E-9A2EAFDF75D2} = {0CE269C1-0C1B-4E6C-8452-3A1D54BF4C41}
		{CDFE8EB4-C1ED-490F-A3F2-9A511E786EE8} = {4C0D595E-360C-4CCF-B960-7F04D1EE3D8E}
		{3A4EDB8A-27E7-4028-8DA8-A734FE030503} = {CDFE8EB4-C1ED-490F-A3F2-9A511E786EE8}
		{697C434E-52B5-4C13-9584-5345D9905D58} = {4C0D595E-360C-4CCF-B960-7F04D1EE3D8E}
		{AA8ED459-F743-43C7-9C3C-B3AD3F05B40B} = {697C434E-52B5-4C13-9584-5345D9905D58}
		{C411CCF0-20BC-4D11-BF82-941EBE165930} = {AA8ED459-F743-43C7-9C3C-B3AD3F05B40B}
		{0E0976CB-4FB7-44C1-83E3-3B7C2C3A83D4} = {AA8ED459-F743-43C7-9C3C-B3AD3F05B40B}
		{C103A462-D967-4054-8385-5D78FB8F9D6D} = {697C434E-52B5-4C13-9584-5345D9905D58}
		{FAE76952-2FB9-4079-99A1-E7CCAAF79449} = {C103A462-D967-4054-8385-5D78FB8F9D6D}
		{BB947CB8-C5E3-4E17-A207-B778880636D6} = {C103A462-D967-4054-8385-5D78FB8F9D6D}
		{B3BFD6DB-5F4D-4DE3-8FBC-CE89CEDBAC87} = {0CE269C1-0C1B-4E6C-8452-3A1D54BF4C41}
		{9F78511E-DD91-4F47-B9A8-043EBF3783F9} = {0CE269C1-0C1B-4E6C-8452-3A1D54BF4C41}
		{DEC0FDA0-5786-4AB4-A828-22E5E470E360} = {5C48B938-A78B-4BEC-92D1-A3D17F0DFDE5}
		{8019BDC4-B6AE-436E-891E-1B0547402084} = {5C48B938-A78B-4BEC-92D1-A3D17F0DFDE5}
		{5909E8B3-2E0F-4573-9956-8CAF74665CE0} = {5C48B938-A78B-4BEC-92D1-A3D17F0DFDE5}
	EndGlobalSection
	GlobalSection(ExtensibilityGlobals) = postSolution
		SolutionGuid = {6C3C3FE2-7BE3-4564-BE87-2DD989B57189}
	EndGlobalSection
EndGlobal
